
Microsoft Visual Studio Solution File, Format Version 12.00
# Visual Studio Version 17
VisualStudioVersion = 17.9.34714.143
MinimumVisualStudioVersion = 10.0.40219.1
Project("{FAE04EC0-301F-11D3-BF4B-00C04F79EFBC}") = "arts-core", "arts-core\arts-core.csproj", "{8C574F85-71F6-459F-994A-0D2C87E0BE24}"
EndProject
Global
	GlobalSection(SolutionConfigurationPlatforms) = preSolution
		Debug|Any CPU = Debug|Any CPU
		Release|Any CPU = Release|Any CPU
	EndGlobalSection
	GlobalSection(ProjectConfigurationPlatforms) = postSolution
		{8C574F85-71F6-459F-994A-0D2C87E0BE24}.Debug|Any CPU.ActiveCfg = Debug|Any CPU
		{8C574F85-71F6-459F-994A-0D2C87E0BE24}.Debug|Any CPU.Build.0 = Debug|Any CPU
		{8C574F85-71F6-459F-994A-0D2C87E0BE24}.Release|Any CPU.ActiveCfg = Release|Any CPU
		{8C574F85-71F6-459F-994A-0D2C87E0BE24}.Release|Any CPU.Build.0 = Release|Any CPU
	EndGlobalSection
	GlobalSection(SolutionProperties) = preSolution
		HideSolutionNode = FALSE
	EndGlobalSection
	GlobalSection(ExtensibilityGlobals) = postSolution
		SolutionGuid = {46CB6BE9-EFD8-49F4-AC72-A68DB1EA5DA9}
	EndGlobalSection
EndGlobal
